
Microsoft Visual Studio Solution File, Format Version 12.00
# Visual Studio Version 17
VisualStudioVersion = 17.13.35931.197
MinimumVisualStudioVersion = 10.0.40219.1
Project("{2150E333-8FDC-42A3-9474-1A3956D46DE8}") = "src", "src", "{02EA681E-C7D8-13C7-8484-4AC65E1B71E8}"
EndProject
Project("{2150E333-8FDC-42A3-9474-1A3956D46DE8}") = "core", "core", "{91DB965C-81CE-4DF2-BDD2-B89FDF38E58F}"
EndProject
Project("{2150E333-8FDC-42A3-9474-1A3956D46DE8}") = "Hosting", "Hosting", "{6A3B3B44-5DF7-4AF0-BF66-58206D382597}"
EndProject
Project("{2150E333-8FDC-42A3-9474-1A3956D46DE8}") = "Infrastructure", "Infrastructure", "{FC134A1E-19B9-4683-9E86-04807122922E}"
EndProject
Project("{FAE04EC0-301F-11D3-BF4B-00C04F79EFBC}") = "CommonLib", "CommonLib\CommonLib.csproj", "{446E04E5-220F-47BF-A781-17155CF49BB3}"
EndProject
Project("{FAE04EC0-301F-11D3-BF4B-00C04F79EFBC}") = "DataServiceLib", "DataServiceLib\DataServiceLib.csproj", "{772C7378-F0BD-4DF5-91FC-6D4BDF7B4D24}"
EndProject
Project("{FAE04EC0-301F-11D3-BF4B-00C04F79EFBC}") = "WebApi", "WebApi\WebApi.csproj", "{239FD8CA-0C7F-4AFF-ABF8-96452A628493}"
EndProject
Project("{FAE04EC0-301F-11D3-BF4B-00C04F79EFBC}") = "WebBrowser", "WebBrowser\WebBrowser.csproj", "{0969DADD-A80D-4F43-990E-385A00382421}"
EndProject
Project("{FAE04EC0-301F-11D3-BF4B-00C04F79EFBC}") = "CoreLib", "CoreLib\CoreLib.csproj", "{AF7BD3C3-35F4-4FC2-899D-FE22409F548E}"
EndProject
Global
	GlobalSection(SolutionConfigurationPlatforms) = preSolution
		Debug|Any CPU = Debug|Any CPU
		Release|Any CPU = Release|Any CPU
	EndGlobalSection
	GlobalSection(ProjectConfigurationPlatforms) = postSolution
		{446E04E5-220F-47BF-A781-17155CF49BB3}.Debug|Any CPU.ActiveCfg = Debug|Any CPU
		{446E04E5-220F-47BF-A781-17155CF49BB3}.Debug|Any CPU.Build.0 = Debug|Any CPU
		{446E04E5-220F-47BF-A781-17155CF49BB3}.Release|Any CPU.ActiveCfg = Release|Any CPU
		{446E04E5-220F-47BF-A781-17155CF49BB3}.Release|Any CPU.Build.0 = Release|Any CPU
		{772C7378-F0BD-4DF5-91FC-6D4BDF7B4D24}.Debug|Any CPU.ActiveCfg = Debug|Any CPU
		{772C7378-F0BD-4DF5-91FC-6D4BDF7B4D24}.Debug|Any CPU.Build.0 = Debug|Any CPU
		{772C7378-F0BD-4DF5-91FC-6D4BDF7B4D24}.Release|Any CPU.ActiveCfg = Release|Any CPU
		{772C7378-F0BD-4DF5-91FC-6D4BDF7B4D24}.Release|Any CPU.Build.0 = Release|Any CPU
		{239FD8CA-0C7F-4AFF-ABF8-96452A628493}.Debug|Any CPU.ActiveCfg = Debug|Any CPU
		{239FD8CA-0C7F-4AFF-ABF8-96452A628493}.Debug|Any CPU.Build.0 = Debug|Any CPU
		{239FD8CA-0C7F-4AFF-ABF8-96452A628493}.Release|Any CPU.ActiveCfg = Release|Any CPU
		{239FD8CA-0C7F-4AFF-ABF8-96452A628493}.Release|Any CPU.Build.0 = Release|Any CPU
		{0969DADD-A80D-4F43-990E-385A00382421}.Debug|Any CPU.ActiveCfg = Debug|Any CPU
		{0969DADD-A80D-4F43-990E-385A00382421}.Debug|Any CPU.Build.0 = Debug|Any CPU
		{0969DADD-A80D-4F43-990E-385A00382421}.Release|Any CPU.ActiveCfg = Release|Any CPU
		{0969DADD-A80D-4F43-990E-385A00382421}.Release|Any CPU.Build.0 = Release|Any CPU
		{AF7BD3C3-35F4-4FC2-899D-FE22409F548E}.Debug|Any CPU.ActiveCfg = Debug|Any CPU
		{AF7BD3C3-35F4-4FC2-899D-FE22409F548E}.Debug|Any CPU.Build.0 = Debug|Any CPU
		{AF7BD3C3-35F4-4FC2-899D-FE22409F548E}.Release|Any CPU.ActiveCfg = Release|Any CPU
		{AF7BD3C3-35F4-4FC2-899D-FE22409F548E}.Release|Any CPU.Build.0 = Release|Any CPU
	EndGlobalSection
	GlobalSection(SolutionProperties) = preSolution
		HideSolutionNode = FALSE
	EndGlobalSection
	GlobalSection(NestedProjects) = preSolution
		{91DB965C-81CE-4DF2-BDD2-B89FDF38E58F} = {02EA681E-C7D8-13C7-8484-4AC65E1B71E8}
		{6A3B3B44-5DF7-4AF0-BF66-58206D382597} = {02EA681E-C7D8-13C7-8484-4AC65E1B71E8}
		{FC134A1E-19B9-4683-9E86-04807122922E} = {02EA681E-C7D8-13C7-8484-4AC65E1B71E8}
		{446E04E5-220F-47BF-A781-17155CF49BB3} = {FC134A1E-19B9-4683-9E86-04807122922E}
		{772C7378-F0BD-4DF5-91FC-6D4BDF7B4D24} = {FC134A1E-19B9-4683-9E86-04807122922E}
		{239FD8CA-0C7F-4AFF-ABF8-96452A628493} = {6A3B3B44-5DF7-4AF0-BF66-58206D382597}
		{0969DADD-A80D-4F43-990E-385A00382421} = {6A3B3B44-5DF7-4AF0-BF66-58206D382597}
		{AF7BD3C3-35F4-4FC2-899D-FE22409F548E} = {91DB965C-81CE-4DF2-BDD2-B89FDF38E58F}
	EndGlobalSection
	GlobalSection(ExtensibilityGlobals) = postSolution
		SolutionGuid = {7787FBD8-06FF-42EE-B3D1-79AB1176B2C1}
	EndGlobalSection
EndGlobal
